
Microsoft Visual Studio Solution File, Format Version 12.00
# Visual Studio 15
VisualStudioVersion = 15.0.27428.2005
MinimumVisualStudioVersion = 10.0.40219.1
Project("{FAE04EC0-301F-11D3-BF4B-00C04F79EFBC}") = "InterviewQuestions", "InterviewQuestions\InterviewQuestions.csproj", "{DFE5C95A-1829-4D06-8F45-952D80014150}"
EndProject
Global
	GlobalSection(SolutionConfigurationPlatforms) = preSolution
		Debug|Any CPU = Debug|Any CPU
		Release|Any CPU = Release|Any CPU
	EndGlobalSection
	GlobalSection(ProjectConfigurationPlatforms) = postSolution
		{DFE5C95A-1829-4D06-8F45-952D80014150}.Debug|Any CPU.ActiveCfg = Debug|Any CPU
		{DFE5C95A-1829-4D06-8F45-952D80014150}.Debug|Any CPU.Build.0 = Debug|Any CPU
		{DFE5C95A-1829-4D06-8F45-952D80014150}.Release|Any CPU.ActiveCfg = Release|Any CPU
		{DFE5C95A-1829-4D06-8F45-952D80014150}.Release|Any CPU.Build.0 = Release|Any CPU
	EndGlobalSection
	GlobalSection(SolutionProperties) = preSolution
		HideSolutionNode = FALSE
	EndGlobalSection
	GlobalSection(ExtensibilityGlobals) = postSolution
		SolutionGuid = {5BD20A49-C03E-4572-957B-04256A536AC6}
	EndGlobalSection
EndGlobal
